
Microsoft Visual Studio Solution File, Format Version 12.00
# Visual Studio Version 17
VisualStudioVersion = 17.2.32526.322
MinimumVisualStudioVersion = 10.0.40219.1
Project("{FAE04EC0-301F-11D3-BF4B-00C04F79EFBC}") = "WebAPI", "WebAPI.csproj", "{4F929B2E-686E-4524-BE64-163F5E7863B0}"
EndProject
Global
	GlobalSection(SolutionConfigurationPlatforms) = preSolution
		Debug|Any CPU = Debug|Any CPU
		Release|Any CPU = Release|Any CPU
	EndGlobalSection
	GlobalSection(ProjectConfigurationPlatforms) = postSolution
		{4F929B2E-686E-4524-BE64-163F5E7863B0}.Debug|Any CPU.ActiveCfg = Debug|Any CPU
		{4F929B2E-686E-4524-BE64-163F5E7863B0}.Debug|Any CPU.Build.0 = Debug|Any CPU
		{4F929B2E-686E-4524-BE64-163F5E7863B0}.Release|Any CPU.ActiveCfg = Release|Any CPU
		{4F929B2E-686E-4524-BE64-163F5E7863B0}.Release|Any CPU.Build.0 = Release|Any CPU
	EndGlobalSection
	GlobalSection(SolutionProperties) = preSolution
		HideSolutionNode = FALSE
	EndGlobalSection
	GlobalSection(ExtensibilityGlobals) = postSolution
		SolutionGuid = {D75349BD-50E5-47FC-A0FA-0BDDE6938CAE}
	EndGlobalSection
EndGlobal
